
Microsoft Visual Studio Solution File, Format Version 12.00
# Visual Studio Version 17
VisualStudioVersion = 17.8.34316.72
MinimumVisualStudioVersion = 10.0.40219.1
Project("{FAE04EC0-301F-11D3-BF4B-00C04F79EFBC}") = "Bai2", "Bai2\Bai2.csproj", "{AA9AC41A-58F8-4C8F-86E0-B05FCF17A1C3}"
EndProject
Global
	GlobalSection(SolutionConfigurationPlatforms) = preSolution
		Debug|Any CPU = Debug|Any CPU
		Release|Any CPU = Release|Any CPU
	EndGlobalSection
	GlobalSection(ProjectConfigurationPlatforms) = postSolution
		{AA9AC41A-58F8-4C8F-86E0-B05FCF17A1C3}.Debug|Any CPU.ActiveCfg = Debug|Any CPU
		{AA9AC41A-58F8-4C8F-86E0-B05FCF17A1C3}.Debug|Any CPU.Build.0 = Debug|Any CPU
		{AA9AC41A-58F8-4C8F-86E0-B05FCF17A1C3}.Release|Any CPU.ActiveCfg = Release|Any CPU
		{AA9AC41A-58F8-4C8F-86E0-B05FCF17A1C3}.Release|Any CPU.Build.0 = Release|Any CPU
	EndGlobalSection
	GlobalSection(SolutionProperties) = preSolution
		HideSolutionNode = FALSE
	EndGlobalSection
	GlobalSection(ExtensibilityGlobals) = postSolution
		SolutionGuid = {90A088CF-1EFD-4E00-8CD7-2F76DF7FB59E}
	EndGlobalSection
EndGlobal
